
Microsoft Visual Studio Solution File, Format Version 12.00
# Visual Studio Version 16
VisualStudioVersion = 16.0.31112.23
MinimumVisualStudioVersion = 10.0.40219.1
Project("{8BC9CEB8-8B4A-11D0-8D11-00A0C91BC942}") = "자료구조 과제5", "자료구조 과제5.vcxproj", "{7F5E0D67-33E7-4D88-AA8C-35A3CCB191AC}"
EndProject
Global
	GlobalSection(SolutionConfigurationPlatforms) = preSolution
		Debug|x64 = Debug|x64
		Debug|x86 = Debug|x86
		Release|x64 = Release|x64
		Release|x86 = Release|x86
	EndGlobalSection
	GlobalSection(ProjectConfigurationPlatforms) = postSolution
		{7F5E0D67-33E7-4D88-AA8C-35A3CCB191AC}.Debug|x64.ActiveCfg = Debug|x64
		{7F5E0D67-33E7-4D88-AA8C-35A3CCB191AC}.Debug|x64.Build.0 = Debug|x64
		{7F5E0D67-33E7-4D88-AA8C-35A3CCB191AC}.Debug|x86.ActiveCfg = Debug|Win32
		{7F5E0D67-33E7-4D88-AA8C-35A3CCB191AC}.Debug|x86.Build.0 = Debug|Win32
		{7F5E0D67-33E7-4D88-AA8C-35A3CCB191AC}.Release|x64.ActiveCfg = Release|x64
		{7F5E0D67-33E7-4D88-AA8C-35A3CCB191AC}.Release|x64.Build.0 = Release|x64
		{7F5E0D67-33E7-4D88-AA8C-35A3CCB191AC}.Release|x86.ActiveCfg = Release|Win32
		{7F5E0D67-33E7-4D88-AA8C-35A3CCB191AC}.Release|x86.Build.0 = Release|Win32
	EndGlobalSection
	GlobalSection(SolutionProperties) = preSolution
		HideSolutionNode = FALSE
	EndGlobalSection
	GlobalSection(ExtensibilityGlobals) = postSolution
		SolutionGuid = {52D1D53C-AA31-4DD9-AD78-75DD7489737E}
	EndGlobalSection
EndGlobal
